{
  "name": "@f88/promidas-utils",
  "version": "0.1.0",
  "lockfileVersion": 3,
  "requires": true,
  "packages": {
    "": {
      "name": "@f88/promidas-utils",
      "version": "0.1.0",
      "license": "MIT",
      "devDependencies": {
        "@f88/promidas": "github:f88/promidas#v1.0.0",
        "dotenv": "^17.2.3"
      },
      "engines": {
        "node": ">=20"
      }
    },
    "node_modules/@f88/promidas": {
      "version": "1.0.0",
      "resolved": "git+ssh://git@github.com/f88/promidas.git#9a5a846ab734f692d4c12c834b1666edb9cd67e4",
      "dev": true,
      "license": "MIT",
      "dependencies": {
        "events": "^3.3.0",
        "zod": "^4.2.1"
      },
      "engines": {
        "node": ">=20"
      },
      "peerDependencies": {
        "protopedia-api-v2-client": "^3.0.0"
      }
    },
    "node_modules/dotenv": {
      "version": "17.2.3",
      "resolved": "https://registry.npmjs.org/dotenv/-/dotenv-17.2.3.tgz",
      "integrity": "sha512-JVUnt+DUIzu87TABbhPmNfVdBDt18BLOWjMUFJMSi/Qqg7NTYtabbvSNJGOJ7afbRuv9D/lngizHtP7QyLQ+9w==",
      "dev": true,
      "license": "BSD-2-Clause",
      "engines": {
        "node": ">=12"
      },
      "funding": {
        "url": "https://dotenvx.com"
      }
    },
    "node_modules/events": {
      "version": "3.3.0",
      "resolved": "https://registry.npmjs.org/events/-/events-3.3.0.tgz",
      "integrity": "sha512-mQw+2fkQbALzQ7V0MY0IqdnXNOeTtP4r0lN9z7AAawCXgqea7bDii20AYrIBrFd/Hx0M2Ocz6S111CaFkUcb0Q==",
      "dev": true,
      "license": "MIT",
      "engines": {
        "node": ">=0.8.x"
      }
    },
    "node_modules/protopedia-api-v2-client": {
      "version": "3.0.0",
      "resolved": "https://registry.npmjs.org/protopedia-api-v2-client/-/protopedia-api-v2-client-3.0.0.tgz",
      "integrity": "sha512-WDHxnEFNzCCRjrFl2OfwBdH57owmZEIER2eLAznlUGW1+eKsoFjSQWAKClN10fYiFcSvsglIXL5RKn0d/Utknw==",
      "dev": true,
      "license": "CC0-1.0",
      "peer": true,
      "engines": {
        "node": ">=20"
      }
    },
    "node_modules/zod": {
      "version": "4.2.1",
      "resolved": "https://registry.npmjs.org/zod/-/zod-4.2.1.tgz",
      "integrity": "sha512-0wZ1IRqGGhMP76gLqz8EyfBXKk0J2qo2+H3fi4mcUP/KtTocoX08nmIAHl1Z2kJIZbZee8KOpBCSNPRgauucjw==",
      "dev": true,
      "license": "MIT",
      "funding": {
        "url": "https://github.com/sponsors/colinhacks"
      }
    }
  }
}
